<?xml version="1.0" encoding="utf-8"?>
<Project ToolsVersion="4.0" xmlns="http://schemas.microsoft.com/developer/msbuild/2003">
  <ItemGroup>
    <Filter Include="Main">
      <UniqueIdentifier>{396de496-0038-4c1b-af05-fe433f5487b4}</UniqueIdentifier>
    </Filter>
  </ItemGroup>
  <ItemGroup>
    <ClCompile Include="main.cpp">
      <Filter>Main</Filter>
    </ClCompile>
    <ClCompile Include="include\TinyObjLoader\tiny_obj_loader.cc" />
    <ClCompile Include="Components\CameraComponent\CameraComponent.cpp" />
    <ClCompile Include="Components\GeometryComponent\GeometryComponent.cpp" />
    <ClCompile Include="Components\HierarchyComponent\HierarchyComponent.cpp" />
    <ClCompile Include="Components\PhysicsComponent\PhysicsComponent.cpp" />
    <ClCompile Include="Components\RenderingComponent\RenderingComponent.cpp" />
    <ClCompile Include="Resources\ResourceManager\GeometryResourceManager\GeometryResourceManager.cpp" />
    <ClCompile Include="Resources\ResourceManager\LightResourceManager\LightResourceManager.cpp" />
    <ClCompile Include="Resources\ResourceManager\MaterialResourceManager\MaterialResourceManager.cpp" />
    <ClCompile Include="Resources\ResourceManager\ShaderResourceManager\ShaderResourceManager.cpp" />
    <ClCompile Include="Resources\ResourceManager\TextureResourceManager\TextureResourceManager.cpp" />
    <ClCompile Include="Resources\ResourceManager\ResourceManager.cpp" />
    <ClCompile Include="Resources\ResourceData\GeometryData\GeometryData.cpp" />
    <ClCompile Include="Resources\ResourceData\LightData\LightData.cpp" />
    <ClCompile Include="Resources\ResourceData\MaterialData\MaterialData.cpp" />
    <ClCompile Include="Resources\ResourceData\PhysicsData\PhysicsData.cpp" />
    <ClCompile Include="Resources\ResourceData\ShaderData\ShaderData.cpp" />
    <ClCompile Include="Resources\ResourceData\TextureData\TextureData.cpp" />
    <ClCompile Include="Resources\ResourceData\ResourceData.cpp" />
    <ClCompile Include="Systems\RenderingSystem\RenderingSystem.cpp" />
    <ClCompile Include="Camera\Camera.cpp" />
    <ClCompile Include="GeometryGeneratorSelector\GeometryGeneratorSelector.cpp" />
    <ClCompile Include="Configuration\Configuration.cpp" />
    <ClCompile Include="ECS\Component\Component.cpp" />
    <ClCompile Include="ECS\ECSEvent\ECSEvent.cpp" />
    <ClCompile Include="ECS\EntityManager\Entity\Entity.cpp" />
    <ClCompile Include="ECS\EntityManager\EntityManager.cpp" />
    <ClCompile Include="ECS\EventQueue\EventQueue.cpp" />
    <ClCompile Include="ECS\System\System.cpp" />
    <ClCompile Include="ECS\ECS.cpp" />
    <ClCompile Include="TextureGeneratorSelector\TextureGeneratorSelector.cpp" />
    <ClCompile Include="Systems\CameraSystem\CameraSystem.cpp" />
    <ClCompile Include="Events\InputEvent\InputEvent.cpp" />
    <ClCompile Include="Events\ResourceEvent\ResourceEvent.cpp" />
    <ClCompile Include="Events\InteractionEvent\InteractionEvent.cpp" />
    <ClCompile Include="Components\SpeedComponent\SpeedComponent.cpp" />
    <ClCompile Include="Systems\MovementSystem\MovementSystem.cpp" />
    <ClCompile Include="Systems\InteractionMovementResponseSystem\InteractionMovementResponseSystem.cpp" />
    <ClCompile Include="Components\MovementResponseComponent\MovementResponseComponent.cpp" />
    <ClCompile Include="Components\SelectionComponent\SelectionComponent.cpp" />
    <ClCompile Include="Resources\ResourceData\TextureData\TextureBufferData\TextureBufferData.cpp" />
    <ClCompile Include="Components\TransformComponent\TransformComponent.cpp" />
    <ClCompile Include="Renderers\DeferredRenderer\DeferredRenderer.cpp" />
    <ClCompile Include="Renderers\Renderable\Renderable.cpp" />
    <ClCompile Include="Renderers\Renderer\Renderer.cpp" />
    <ClCompile Include="Systems\InputSystem\InputSystem.cpp" />
    <ClCompile Include="ECS\DispatcherReceiver\EventDispatcher\EventDispatcher.cpp" />
    <ClCompile Include="ECS\DispatcherReceiver\EventReceiver\EventReceiver.cpp" />
    <ClCompile Include="Transform\Transform.cpp" />
    <ClCompile Include="DemoECS\DemoECS.cpp" />
    <ClCompile Include="Renderers\BasicRenderer\BasicRenderer.cpp" />
    <ClCompile Include="Renderers\RendererResourceManagers\RendererGeometryManager\RendererGeometryManager.cpp" />
    <ClCompile Include="Renderers\RendererResourceManagers\RendererLightManager\RendererLightManager.cpp" />
    <ClCompile Include="Renderers\RendererResourceManagers\RendererMaterialManager\RendererMaterialManager.cpp" />
    <ClCompile Include="Renderers\RendererResourceManagers\RendererShaderManager\RendererShaderManager.cpp" />
    <ClCompile Include="Renderers\RendererResourceManagers\RendererTextureManager\RendererTextureManager.cpp" />
    <ClCompile Include="Renderers\Sampler\Sampler.cpp" />
    <ClCompile Include="RDFP\RDFP.cpp" />
    <ClCompile Include="RDFP\ResourceDescription.cpp" />
    <ClCompile Include="Triangle\Triangle.cpp" />
    <ClCompile Include="Icosphere\Icosphere.cpp" />
    <ClCompile Include="PlanetRings\PlanetRings.cpp" />
    <ClCompile Include="PlanetMakerECS\PlanetMakerECS.cpp" />
    <ClCompile Include="Systems\DebugSystem\DebugSystem.cpp" />
    <ClCompile Include="PlanetMakerSystem\PlanetMakerSystem.cpp" />
    <ClCompile Include="Systems\TransformSystem\TransformSystem.cpp" />
    <ClCompile Include="StarSystem\StarSystem.cpp" />
    <ClCompile Include="Renderers\RenderableManager\RenderableManager.cpp" />
    <ClCompile Include="Renderers\RenderableTypeBatch\RenderableTypeBatch.cpp" />
    <ClCompile Include="Renderers\VAOStorage\VAOStorage.cpp" />
  </ItemGroup>
  <ItemGroup>
    <ClInclude Include="main.h">
      <Filter>Main</Filter>
    </ClInclude>
    <ClInclude Include="include\TinyObjLoader\tiny_obj_loader.h" />
    <ClInclude Include="Components\CameraComponent\CameraComponent.h" />
    <ClInclude Include="Components\GeometryComponent\GeometryComponent.h" />
    <ClInclude Include="Components\HierarchyComponent\HierarchyComponent.h" />
    <ClInclude Include="Components\PhysicsComponent\PhysicsComponent.h" />
    <ClInclude Include="Components\RenderingComponent\RenderingComponent.h" />
    <ClInclude Include="Resources\ResourceManager\GeometryResourceManager\GeometryResourceManager.h" />
    <ClInclude Include="Resources\ResourceManager\LightResourceManager\LightResourceManager.h" />
    <ClInclude Include="Resources\ResourceManager\MaterialResourceManager\MaterialResourceManager.h" />
    <ClInclude Include="Resources\ResourceManager\ShaderResourceManager\ShaderResourceManager.h" />
    <ClInclude Include="Resources\ResourceManager\TextureResourceManager\TextureResourceManager.h" />
    <ClInclude Include="Resources\ResourceManager\ResourceManager.h" />
    <ClInclude Include="Resources\ResourceData\GeometryData\GeometryData.h" />
    <ClInclude Include="Resources\ResourceData\LightData\LightData.h" />
    <ClInclude Include="Resources\ResourceData\MaterialData\MaterialData.h" />
    <ClInclude Include="Resources\ResourceData\PhysicsData\PhysicsData.h" />
    <ClInclude Include="Resources\ResourceData\ShaderData\ShaderData.h" />
    <ClInclude Include="Resources\ResourceData\TextureData\TextureData.h" />
    <ClInclude Include="Resources\ResourceData\ResourceData.h" />
    <ClInclude Include="Systems\RenderingSystem\RenderingSystem.h" />
    <ClInclude Include="Camera\Camera.h" />
    <ClInclude Include="GeometryGeneratorSelector\GeometryGeneratorSelector.h" />
    <ClInclude Include="StringModifiers\StringModifiers.h" />
    <ClInclude Include="TypesList\ComponentTypes.h" />
    <ClInclude Include="TypesList\EntityState.h" />
    <ClInclude Include="TypesList\EventTypes.h" />
    <ClInclude Include="TypesList\InputTypes.h" />
    <ClInclude Include="TypesList\ModuleType.h" />
    <ClInclude Include="TypesList\ResourceTypes.h" />
    <ClInclude Include="Vertex\Vertex.h" />
    <ClInclude Include="Configuration\Configuration.h" />
    <ClInclude Include="ECS\Component\Component.h" />
    <ClInclude Include="ECS\ECSEvent\ECSEvent.h" />
    <ClInclude Include="ECS\EntityManager\Entity\Entity.h" />
    <ClInclude Include="ECS\EntityManager\EntityManager.h" />
    <ClInclude Include="ECS\EventQueue\EventQueue.h" />
    <ClInclude Include="ECS\System\System.h" />
    <ClInclude Include="ECS\ECS.h" />
    <ClInclude Include="TextureGeneratorSelector\TextureGeneratorSelector.h" />
    <ClInclude Include="Systems\CameraSystem\CameraSystem.h" />
    <ClInclude Include="Events\InputEvent\InputEvent.h" />
    <ClInclude Include="Events\ResourceEvent\ResourceEvent.h" />
    <ClInclude Include="Events\InteractionEvent\InteractionEvent.h" />
    <ClInclude Include="TypesList\InteractionTypes.h" />
    <ClInclude Include="Components\SpeedComponent\SpeedComponent.h" />
    <ClInclude Include="Systems\MovementSystem\MovementSystem.h" />
    <ClInclude Include="Systems\InteractionMovementResponseSystem\InteractionMovementResponseSystem.h" />
    <ClInclude Include="Components\MovementResponseComponent\MovementResponseComponent.h" />
    <ClInclude Include="Components\SelectionComponent\SelectionComponent.h" />
    <ClInclude Include="Resources\ResourceData\TextureData\TextureBufferData\TextureBufferData.h" />
    <ClInclude Include="Components\TransformComponent\TransformComponent.h" />
    <ClInclude Include="Renderers\DeferredRenderer\DeferredRenderer.h" />
    <ClInclude Include="Renderers\Renderable\Renderable.h" />
    <ClInclude Include="Renderers\Renderer\Renderer.h" />
    <ClInclude Include="Renderers\Renderer\RenderingCommands.h" />
    <ClInclude Include="Systems\InputSystem\InputSystem.h" />
    <ClInclude Include="ECS\DispatcherReceiver\EventDispatcher\EventDispatcher.h" />
    <ClInclude Include="ECS\DispatcherReceiver\EventReceiver\EventReceiver.h" />
    <ClInclude Include="Transform\Transform.h" />
    <ClInclude Include="DemoECS\DemoECS.h" />
    <ClInclude Include="Renderers\BasicRenderer\BasicRenderer.h" />
    <ClInclude Include="Renderers\RendererResourceManagers\RendererGeometryManager\RendererGeometryManager.h" />
    <ClInclude Include="Renderers\RendererResourceManagers\RendererLightManager\RendererLightManager.h" />
    <ClInclude Include="Renderers\RendererResourceManagers\RendererMaterialManager\RendererMaterialManager.h" />
    <ClInclude Include="Renderers\RendererResourceManagers\RendererShaderManager\RendererShaderManager.h" />
    <ClInclude Include="Renderers\RendererResourceManagers\RendererTextureManager\RendererTextureManager.h" />
    <ClInclude Include="Renderers\Sampler\Sampler.h" />
    <ClInclude Include="RNGs\RNGs.h" />
    <ClInclude Include="RDFP\RDFP.h" />
    <ClInclude Include="RDFP\ResourceDescription.h" />
    <ClInclude Include="Triangle\Triangle.h" />
    <ClInclude Include="Icosphere\Icosphere.h" />
    <ClInclude Include="PlanetRings\PlanetRings.h" />
    <ClInclude Include="PlanetMakerECS\PlanetMakerECS.h" />
    <ClInclude Include="Systems\DebugSystem\DebugSystem.h" />
    <ClInclude Include="PlanetMakerSystem\PlanetMakerSystem.h" />
    <ClInclude Include="Systems\TransformSystem\TransformSystem.h" />
    <ClInclude Include="StarSystem\StarSystem.h" />
    <ClInclude Include="Renderers\RenderablesMetaData.h" />
    <ClInclude Include="Renderers\RenderableManager\RenderableManager.h" />
    <ClInclude Include="Renderers\RenderableTypeBatch\RenderableTypeBatch.h" />
    <ClInclude Include="Renderers\VAOStorage\VAOStorage.h" />
  </ItemGroup>
  <ItemGroup>
    <Text Include="Assets\Shaders\VERTEX SHADERS\DEFAULT_VERTEX_SHADER.txt" />
    <Text Include="Assets\Shaders\VERTEX SHADERS\ENVIRONMENT_CUBEMAP_VERTEX_SHADER.txt" />
    <Text Include="Assets\Shaders\VERTEX SHADERS\GOURAUD_MATERIAL_VERTEX_SHADER.txt" />
    <Text Include="Assets\Shaders\VERTEX SHADERS\PHONG_MATERIAL_VERTEX_SHADER.txt" />
    <Text Include="Assets\Shaders\FRAGMENT SHADERS\ENVIRONMENT_CUBEMAP_FRAGMENT_SHADER.txt" />
    <Text Include="Assets\Shaders\FRAGMENT SHADERS\PHONG_MATERIAL_FRAGMENT_SHADER.txt" />
    <Text Include="Assets\Shaders\FRAGMENT SHADERS\DEFAULT_FRAGMENT_SHADER.txt" />
    <Text Include="Assets\Shaders\VERTEX SHADERS\DEFERRED_RENDERER_VERTEX_SHADER.txt" />
    <Text Include="Assets\Configurations\DefaultConfig.txt" />
    <Text Include="Assets\NewShaders\ShaderTemplate\FragementShaderTemplate.txt" />
    <Text Include="Assets\NewShaders\ShaderTemplate\VertexShaderTemplate.txt" />
    <Text Include="Assets\NewShaders\PostProcessShader\SSAO\SSAO.frag.glsl" />
    <Text Include="Assets\NewShaders\PostProcessShader\SSAO\SSAO.vert.glsl" />
    <Text Include="Assets\NewShaders\EnvironmentShaders\ECube.frag.glsl" />
    <Text Include="Assets\NewShaders\EnvironmentShaders\ECube.vert.glsl" />
    <Text Include="Assets\NewShaders\LightingShaders\ShadowMapsShader\SMPointLight.frag.glsl" />
    <Text Include="Assets\NewShaders\LightingShaders\ShadowMapsShader\SMPointLight.vert.glsl" />
    <Text Include="Assets\NewShaders\DeferredRenderingShaders\GBufferPassShaders\BasicGBufferShader\BasicGBufferShader.frag.glsl" />
    <Text Include="Assets\Resource Description Files\RDF.txt" />
  </ItemGroup>
  <ItemGroup>
    <None Include="Assets\NewShaders\PostProcessShader\CopyTexture\CopyTexture.frag.glsl" />
    <None Include="Assets\NewShaders\PostProcessShader\CopyTexture\CopyTexture.vert.glsl" />
    <None Include="Assets\NewShaders\LightingShaders\CurrentViewLightingShader\CVSShader.vert.glsl" />
    <None Include="Assets\NewShaders\LightingShaders\CurrentViewLightingShader\CVSShader.frag.glsl" />
    <None Include="Assets\NewShaders\LightingShaders\AmbientColorShader\AmbientColor.vert.glsl" />
    <None Include="Assets\NewShaders\LightingShaders\AmbientColorShader\AmbientColor.frag.glsl" />
    <None Include="Assets\NewShaders\DeferredRenderingShaders\GBufferPassShaders\BasicGBufferShader\BasicGBufferShader.vert.glsl" />
    <None Include="Assets\NewShaders\DeferredRenderingShaders\LightingPassShaders\BasicLightingShader\BasicLightingShader.frag.glsl" />
    <None Include="Assets\NewShaders\DeferredRenderingShaders\LightingPassShaders\BasicLightingShader\BasicLightingShader.vert.glsl" />
    <None Include="Assets\NewShaders\PostProcessShader\HDR\HDR.vert.glsl" />
    <None Include="Assets\NewShaders\PostProcessShader\HDR\HDR.frag.glsl" />
    <None Include="Assets\NewShaders\PostProcessShader\AlphaBlendTextures\AlphaBlendTextures.frag.glsl" />
    <None Include="Assets\NewShaders\PostProcessShader\AlphaBlendTextures\AlphaBlendTextures.vert.glsl" />
    <None Include="Assets\NewShaders\PostProcessShader\FXAA\FXAA.frag.glsl" />
    <None Include="Assets\NewShaders\PostProcessShader\FXAA\FXAA.vert.glsl" />
    <None Include="Assets\NewShaders\PostProcessShader\GaussianBlur\GaussianBlur.frag.glsl" />
    <None Include="Assets\NewShaders\PostProcessShader\GaussianBlur\GaussianBlur.vert.glsl" />
    <None Include="Assets\NewShaders\PostProcessShader\Bloom\Bloom.frag.glsl" />
    <None Include="Assets\NewShaders\PostProcessShader\Bloom\Bloom.vert.glsl" />
    <None Include="Assets\NewShaders\PostProcessShader\AdditiveBlendTextures\AdditiveBlendTextures.frag.glsl" />
    <None Include="Assets\NewShaders\PostProcessShader\AdditiveBlendTextures\AdditiveBlendTextures.vert.glsl" />
    <None Include="Assets\NewShaders\DeferredRenderingShaders\GBufferPassShaders\InstancedBasicGBufferShader\InstancedBasicGBufferShader.frag.glsl" />
    <None Include="Assets\NewShaders\DeferredRenderingShaders\GBufferPassShaders\InstancedBasicGBufferShader\InstancedBasicGBufferShader.vert.glsl" />
  </ItemGroup>
</Project>